// !$*UTF8*$!
{
	archiveVersion = 1;
	classes = {
	};
	objectVersion = 56;
	objects = {

/* Begin PBXBuildFile section */
		EC0B06AE2C95D9020062A4FA /* PokemonZenoApp.swift in Sources */ = {isa = PBXBuildFile; fileRef = EC0B06AD2C95D9020062A4FA /* PokemonZenoApp.swift */; };
		EC0B06B02C95D9020062A4FA /* ContentView.swift in Sources */ = {isa = PBXBuildFile; fileRef = EC0B06AF2C95D9020062A4FA /* ContentView.swift */; };
		EC0B06B22C95D9030062A4FA /* Assets.xcassets in Resources */ = {isa = PBXBuildFile; fileRef = EC0B06B12C95D9030062A4FA /* Assets.xcassets */; };
		EC0B06B52C95D9030062A4FA /* Preview Assets.xcassets in Resources */ = {isa = PBXBuildFile; fileRef = EC0B06B42C95D9030062A4FA /* Preview Assets.xcassets */; };
		EC0B06BF2C95D9030062A4FA /* PokemonZenoTests.swift in Sources */ = {isa = PBXBuildFile; fileRef = EC0B06BE2C95D9030062A4FA /* PokemonZenoTests.swift */; };
		EC0B06C92C95D9030062A4FA /* PokemonZenoUITests.swift in Sources */ = {isa = PBXBuildFile; fileRef = EC0B06C82C95D9030062A4FA /* PokemonZenoUITests.swift */; };
		EC0B06CB2C95D9030062A4FA /* PokemonZenoUITestsLaunchTests.swift in Sources */ = {isa = PBXBuildFile; fileRef = EC0B06CA2C95D9030062A4FA /* PokemonZenoUITestsLaunchTests.swift */; };
/* End PBXBuildFile section */

/* Begin PBXContainerItemProxy section */
		EC0B06BB2C95D9030062A4FA /* PBXContainerItemProxy */ = {
			isa = PBXContainerItemProxy;
			containerPortal = EC0B06A22C95D9020062A4FA /* Project object */;
			proxyType = 1;
			remoteGlobalIDString = EC0B06A92C95D9020062A4FA;
			remoteInfo = PokemonZeno;
		};
		EC0B06C52C95D9030062A4FA /* PBXContainerItemProxy */ = {
			isa = PBXContainerItemProxy;
			containerPortal = EC0B06A22C95D9020062A4FA /* Project object */;
			proxyType = 1;
			remoteGlobalIDString = EC0B06A92C95D9020062A4FA;
			remoteInfo = PokemonZeno;
		};
/* End PBXContainerItemProxy section */

/* Begin PBXFileReference section */
		EC0B06AA2C95D9020062A4FA /* PokemonZeno.app */ = {isa = PBXFileReference; explicitFileType = wrapper.application; includeInIndex = 0; path = PokemonZeno.app; sourceTree = BUILT_PRODUCTS_DIR; };
		EC0B06AD2C95D9020062A4FA /* PokemonZenoApp.swift */ = {isa = PBXFileReference; lastKnownFileType = sourcecode.swift; path = PokemonZenoApp.swift; sourceTree = "<group>"; };
		EC0B06AF2C95D9020062A4FA /* ContentView.swift */ = {isa = PBXFileReference; lastKnownFileType = sourcecode.swift; path = ContentView.swift; sourceTree = "<group>"; };
		EC0B06B12C95D9030062A4FA /* Assets.xcassets */ = {isa = PBXFileReference; lastKnownFileType = folder.assetcatalog; path = Assets.xcassets; sourceTree = "<group>"; };
		EC0B06B42C95D9030062A4FA /* Preview Assets.xcassets */ = {isa = PBXFileReference; lastKnownFileType = folder.assetcatalog; path = "Preview Assets.xcassets"; sourceTree = "<group>"; };
		EC0B06BA2C95D9030062A4FA /* PokemonZenoTests.xctest */ = {isa = PBXFileReference; explicitFileType = wrapper.cfbundle; includeInIndex = 0; path = PokemonZenoTests.xctest; sourceTree = BUILT_PRODUCTS_DIR; };
		EC0B06BE2C95D9030062A4FA /* PokemonZenoTests.swift */ = {isa = PBXFileReference; lastKnownFileType = sourcecode.swift; path = PokemonZenoTests.swift; sourceTree = "<group>"; };
		EC0B06C42C95D9030062A4FA /* PokemonZenoUITests.xctest */ = {isa = PBXFileReference; explicitFileType = wrapper.cfbundle; includeInIndex = 0; path = PokemonZenoUITests.xctest; sourceTree = BUILT_PRODUCTS_DIR; };
		EC0B06C82C95D9030062A4FA /* PokemonZenoUITests.swift */ = {isa = PBXFileReference; lastKnownFileType = sourcecode.swift; path = PokemonZenoUITests.swift; sourceTree = "<group>"; };
		EC0B06CA2C95D9030062A4FA /* PokemonZenoUITestsLaunchTests.swift */ = {isa = PBXFileReference; lastKnownFileType = sourcecode.swift; path = PokemonZenoUITestsLaunchTests.swift; sourceTree = "<group>"; };
/* End PBXFileReference section */

/* Begin PBXFrameworksBuildPhase section */
		EC0B06A72C95D9020062A4FA /* Frameworks */ = {
			isa = PBXFrameworksBuildPhase;
			buildActionMask = 2147483647;
			files = (
			);
			runOnlyForDeploymentPostprocessing = 0;
		};
		EC0B06B72C95D9030062A4FA /* Frameworks */ = {
			isa = PBXFrameworksBuildPhase;
			buildActionMask = 2147483647;
			files = (
			);
			runOnlyForDeploymentPostprocessing = 0;
		};
		EC0B06C12C95D9030062A4FA /* Frameworks */ = {
			isa = PBXFrameworksBuildPhase;
			buildActionMask = 2147483647;
			files = (
			);
			runOnlyForDeploymentPostprocessing = 0;
		};
/* End PBXFrameworksBuildPhase section */

/* Begin PBXGroup section */
		EC0B06A12C95D9020062A4FA = {
			isa = PBXGroup;
			children = (
				EC0B06AC2C95D9020062A4FA /* PokemonZeno */,
				EC0B06BD2C95D9030062A4FA /* PokemonZenoTests */,
				EC0B06C72C95D9030062A4FA /* PokemonZenoUITests */,
				EC0B06AB2C95D9020062A4FA /* Products */,
			);
			sourceTree = "<group>";
		};
		EC0B06AB2C95D9020062A4FA /* Products */ = {
			isa = PBXGroup;
			children = (
				EC0B06AA2C95D9020062A4FA /* PokemonZeno.app */,
				EC0B06BA2C95D9030062A4FA /* PokemonZenoTests.xctest */,
				EC0B06C42C95D9030062A4FA /* PokemonZenoUITests.xctest */,
			);
			name = Products;
			sourceTree = "<group>";
		};
		EC0B06AC2C95D9020062A4FA /* PokemonZeno */ = {
			isa = PBXGroup;
			children = (
				EC0B06AD2C95D9020062A4FA /* PokemonZenoApp.swift */,
				EC0B06AF2C95D9020062A4FA /* ContentView.swift */,
				EC0B06B12C95D9030062A4FA /* Assets.xcassets */,
				EC0B06B32C95D9030062A4FA /* Preview Content */,
			);
			path = PokemonZeno;
			sourceTree = "<group>";
		};
		EC0B06B32C95D9030062A4FA /* Preview Content */ = {
			isa = PBXGroup;
			children = (
				EC0B06B42C95D9030062A4FA /* Preview Assets.xcassets */,
			);
			path = "Preview Content";
			sourceTree = "<group>";
		};
		EC0B06BD2C95D9030062A4FA /* PokemonZenoTests */ = {
			isa = PBXGroup;
			children = (
				EC0B06BE2C95D9030062A4FA /* PokemonZenoTests.swift */,
			);
			path = PokemonZenoTests;
			sourceTree = "<group>";
		};
		EC0B06C72C95D9030062A4FA /* PokemonZenoUITests */ = {
			isa = PBXGroup;
			children = (
				EC0B06C82C95D9030062A4FA /* PokemonZenoUITests.swift */,
				EC0B06CA2C95D9030062A4FA /* PokemonZenoUITestsLaunchTests.swift */,
			);
			path = PokemonZenoUITests;
			sourceTree = "<group>";
		};
/* End PBXGroup section */

/* Begin PBXNativeTarget section */
		EC0B06A92C95D9020062A4FA /* PokemonZeno */ = {
			isa = PBXNativeTarget;
			buildConfigurationList = EC0B06CE2C95D9030062A4FA /* Build configuration list for PBXNativeTarget "PokemonZeno" */;
			buildPhases = (
				EC0B06A62C95D9020062A4FA /* Sources */,
				EC0B06A72C95D9020062A4FA /* Frameworks */,
				EC0B06A82C95D9020062A4FA /* Resources */,
			);
			buildRules = (
			);
			dependencies = (
			);
			name = PokemonZeno;
			productName = PokemonZeno;
			productReference = EC0B06AA2C95D9020062A4FA /* PokemonZeno.app */;
			productType = "com.apple.product-type.application";
		};
		EC0B06B92C95D9030062A4FA /* PokemonZenoTests */ = {
			isa = PBXNativeTarget;
			buildConfigurationList = EC0B06D12C95D9030062A4FA /* Build configuration list for PBXNativeTarget "PokemonZenoTests" */;
			buildPhases = (
				EC0B06B62C95D9030062A4FA /* Sources */,
				EC0B06B72C95D9030062A4FA /* Frameworks */,
				EC0B06B82C95D9030062A4FA /* Resources */,
			);
			buildRules = (
			);
			dependencies = (
				EC0B06BC2C95D9030062A4FA /* PBXTargetDependency */,
			);
			name = PokemonZenoTests;
			productName = PokemonZenoTests;
			productReference = EC0B06BA2C95D9030062A4FA /* PokemonZenoTests.xctest */;
			productType = "com.apple.product-type.bundle.unit-test";
		};
		EC0B06C32C95D9030062A4FA /* PokemonZenoUITests */ = {
			isa = PBXNativeTarget;
			buildConfigurationList = EC0B06D42C95D9030062A4FA /* Build configuration list for PBXNativeTarget "PokemonZenoUITests" */;
			buildPhases = (
				EC0B06C02C95D9030062A4FA /* Sources */,
				EC0B06C12C95D9030062A4FA /* Frameworks */,
				EC0B06C22C95D9030062A4FA /* Resources */,
			);
			buildRules = (
			);
			dependencies = (
				EC0B06C62C95D9030062A4FA /* PBXTargetDependency */,
			);
			name = PokemonZenoUITests;
			productName = PokemonZenoUITests;
			productReference = EC0B06C42C95D9030062A4FA /* PokemonZenoUITests.xctest */;
			productType = "com.apple.product-type.bundle.ui-testing";
		};
/* End PBXNativeTarget section */

/* Begin PBXProject section */
		EC0B06A22C95D9020062A4FA /* Project object */ = {
			isa = PBXProject;
			attributes = {
				BuildIndependentTargetsInParallel = 1;
				LastSwiftUpdateCheck = 1540;
				LastUpgradeCheck = 1540;
				TargetAttributes = {
					EC0B06A92C95D9020062A4FA = {
						CreatedOnToolsVersion = 15.4;
					};
					EC0B06B92C95D9030062A4FA = {
						CreatedOnToolsVersion = 15.4;
						TestTargetID = EC0B06A92C95D9020062A4FA;
					};
					EC0B06C32C95D9030062A4FA = {
						CreatedOnToolsVersion = 15.4;
						TestTargetID = EC0B06A92C95D9020062A4FA;
					};
				};
			};
			buildConfigurationList = EC0B06A52C95D9020062A4FA /* Build configuration list for PBXProject "PokemonZeno" */;
			compatibilityVersion = "Xcode 14.0";
			developmentRegion = en;
			hasScannedForEncodings = 0;
			knownRegions = (
				en,
				Base,
			);
			mainGroup = EC0B06A12C95D9020062A4FA;
			productRefGroup = EC0B06AB2C95D9020062A4FA /* Products */;
			projectDirPath = "";
			projectRoot = "";
			targets = (
				EC0B06A92C95D9020062A4FA /* PokemonZeno */,
				EC0B06B92C95D9030062A4FA /* PokemonZenoTests */,
				EC0B06C32C95D9030062A4FA /* PokemonZenoUITests */,
			);
		};
/* End PBXProject section */

/* Begin PBXResourcesBuildPhase section */
		EC0B06A82C95D9020062A4FA /* Resources */ = {
			isa = PBXResourcesBuildPhase;
			buildActionMask = 2147483647;
			files = (
				EC0B06B52C95D9030062A4FA /* Preview Assets.xcassets in Resources */,
				EC0B06B22C95D9030062A4FA /* Assets.xcassets in Resources */,
			);
			runOnlyForDeploymentPostprocessing = 0;
		};
		EC0B06B82C95D9030062A4FA /* Resources */ = {
			isa = PBXResourcesBuildPhase;
			buildActionMask = 2147483647;
			files = (
			);
			runOnlyForDeploymentPostprocessing = 0;
		};
		EC0B06C22C95D9030062A4FA /* Resources */ = {
			isa = PBXResourcesBuildPhase;
			buildActionMask = 2147483647;
			files = (
			);
			runOnlyForDeploymentPostprocessing = 0;
		};
/* End PBXResourcesBuildPhase section */

/* Begin PBXSourcesBuildPhase section */
		EC0B06A62C95D9020062A4FA /* Sources */ = {
			isa = PBXSourcesBuildPhase;
			buildActionMask = 2147483647;
			files = (
				EC0B06B02C95D9020062A4FA /* ContentView.swift in Sources */,
				EC0B06AE2C95D9020062A4FA /* PokemonZenoApp.swift in Sources */,
			);
			runOnlyForDeploymentPostprocessing = 0;
		};
		EC0B06B62C95D9030062A4FA /* Sources */ = {
			isa = PBXSourcesBuildPhase;
			buildActionMask = 2147483647;
			files = (
				EC0B06BF2C95D9030062A4FA /* PokemonZenoTests.swift in Sources */,
			);
			runOnlyForDeploymentPostprocessing = 0;
		};
		EC0B06C02C95D9030062A4FA /* Sources */ = {
			isa = PBXSourcesBuildPhase;
			buildActionMask = 2147483647;
			files = (
				EC0B06CB2C95D9030062A4FA /* PokemonZenoUITestsLaunchTests.swift in Sources */,
				EC0B06C92C95D9030062A4FA /* PokemonZenoUITests.swift in Sources */,
			);
			runOnlyForDeploymentPostprocessing = 0;
		};
/* End PBXSourcesBuildPhase section */

/* Begin PBXTargetDependency section */
		EC0B06BC2C95D9030062A4FA /* PBXTargetDependency */ = {
			isa = PBXTargetDependency;
			target = EC0B06A92C95D9020062A4FA /* PokemonZeno */;
			targetProxy = EC0B06BB2C95D9030062A4FA /* PBXContainerItemProxy */;
		};
		EC0B06C62C95D9030062A4FA /* PBXTargetDependency */ = {
			isa = PBXTargetDependency;
			target = EC0B06A92C95D9020062A4FA /* PokemonZeno */;
			targetProxy = EC0B06C52C95D9030062A4FA /* PBXContainerItemProxy */;
		};
/* End PBXTargetDependency section */

/* Begin XCBuildConfiguration section */
		EC0B06CC2C95D9030062A4FA /* Debug */ = {
			isa = XCBuildConfiguration;
			buildSettings = {
				ALWAYS_SEARCH_USER_PATHS = NO;
				ASSETCATALOG_COMPILER_GENERATE_SWIFT_ASSET_SYMBOL_EXTENSIONS = YES;
				CLANG_ANALYZER_NONNULL = YES;
				CLANG_ANALYZER_NUMBER_OBJECT_CONVERSION = YES_AGGRESSIVE;
				CLANG_CXX_LANGUAGE_STANDARD = "gnu++20";
				CLANG_ENABLE_MODULES = YES;
				CLANG_ENABLE_OBJC_ARC = YES;
				CLANG_ENABLE_OBJC_WEAK = YES;
				CLANG_WARN_BLOCK_CAPTURE_AUTORELEASING = YES;
				CLANG_WARN_BOOL_CONVERSION = YES;
				CLANG_WARN_COMMA = YES;
				CLANG_WARN_CONSTANT_CONVERSION = YES;
				CLANG_WARN_DEPRECATED_OBJC_IMPLEMENTATIONS = YES;
				CLANG_WARN_DIRECT_OBJC_ISA_USAGE = YES_ERROR;
				CLANG_WARN_DOCUMENTATION_COMMENTS = YES;
				CLANG_WARN_EMPTY_BODY = YES;
				CLANG_WARN_ENUM_CONVERSION = YES;
				CLANG_WARN_INFINITE_RECURSION = YES;
				CLANG_WARN_INT_CONVERSION = YES;
				CLANG_WARN_NON_LITERAL_NULL_CONVERSION = YES;
				CLANG_WARN_OBJC_IMPLICIT_RETAIN_SELF = YES;
				CLANG_WARN_OBJC_LITERAL_CONVERSION = YES;
				CLANG_WARN_OBJC_ROOT_CLASS = YES_ERROR;
				CLANG_WARN_QUOTED_INCLUDE_IN_FRAMEWORK_HEADER = YES;
				CLANG_WARN_RANGE_LOOP_ANALYSIS = YES;
				CLANG_WARN_STRICT_PROTOTYPES = YES;
				CLANG_WARN_SUSPICIOUS_MOVE = YES;
				CLANG_WARN_UNGUARDED_AVAILABILITY = YES_AGGRESSIVE;
				CLANG_WARN_UNREACHABLE_CODE = YES;
				CLANG_WARN__DUPLICATE_METHOD_MATCH = YES;
				COPY_PHASE_STRIP = NO;
				DEBUG_INFORMATION_FORMAT = dwarf;
				ENABLE_STRICT_OBJC_MSGSEND = YES;
				ENABLE_TESTABILITY = YES;
				ENABLE_USER_SCRIPT_SANDBOXING = YES;
				GCC_C_LANGUAGE_STANDARD = gnu17;
				GCC_DYNAMIC_NO_PIC = NO;
				GCC_NO_COMMON_BLOCKS = YES;
				GCC_OPTIMIZATION_LEVEL = 0;
				GCC_PREPROCESSOR_DEFINITIONS = (
					"DEBUG=1",
					"$(inherited)",
				);
				GCC_WARN_64_TO_32_BIT_CONVERSION = YES;
				GCC_WARN_ABOUT_RETURN_TYPE = YES_ERROR;
				GCC_WARN_UNDECLARED_SELECTOR = YES;
				GCC_WARN_UNINITIALIZED_AUTOS = YES_AGGRESSIVE;
				GCC_WARN_UNUSED_FUNCTION = YES;
				GCC_WARN_UNUSED_VARIABLE = YES;
				IPHONEOS_DEPLOYMENT_TARGET = 17.5;
				LOCALIZATION_PREFERS_STRING_CATALOGS = YES;
				MTL_ENABLE_DEBUG_INFO = INCLUDE_SOURCE;
				MTL_FAST_MATH = YES;
				ONLY_ACTIVE_ARCH = YES;
				SDKROOT = iphoneos;
				SWIFT_ACTIVE_COMPILATION_CONDITIONS = "DEBUG $(inherited)";
				SWIFT_OPTIMIZATION_LEVEL = "-Onone";
			};
			name = Debug;
		};
		EC0B06CD2C95D9030062A4FA /* Release */ = {
			isa = XCBuildConfiguration;
			buildSettings = {
				ALWAYS_SEARCH_USER_PATHS = NO;
				ASSETCATALOG_COMPILER_GENERATE_SWIFT_ASSET_SYMBOL_EXTENSIONS = YES;
				CLANG_ANALYZER_NONNULL = YES;
				CLANG_ANALYZER_NUMBER_OBJECT_CONVERSION = YES_AGGRESSIVE;
				CLANG_CXX_LANGUAGE_STANDARD = "gnu++20";
				CLANG_ENABLE_MODULES = YES;
				CLANG_ENABLE_OBJC_ARC = YES;
				CLANG_ENABLE_OBJC_WEAK = YES;
				CLANG_WARN_BLOCK_CAPTURE_AUTORELEASING = YES;
				CLANG_WARN_BOOL_CONVERSION = YES;
				CLANG_WARN_COMMA = YES;
				CLANG_WARN_CONSTANT_CONVERSION = YES;
				CLANG_WARN_DEPRECATED_OBJC_IMPLEMENTATIONS = YES;
				CLANG_WARN_DIRECT_OBJC_ISA_USAGE = YES_ERROR;
				CLANG_WARN_DOCUMENTATION_COMMENTS = YES;
				CLANG_WARN_EMPTY_BODY = YES;
				CLANG_WARN_ENUM_CONVERSION = YES;
				CLANG_WARN_INFINITE_RECURSION = YES;
				CLANG_WARN_INT_CONVERSION = YES;
				CLANG_WARN_NON_LITERAL_NULL_CONVERSION = YES;
				CLANG_WARN_OBJC_IMPLICIT_RETAIN_SELF = YES;
				CLANG_WARN_OBJC_LITERAL_CONVERSION = YES;
				CLANG_WARN_OBJC_ROOT_CLASS = YES_ERROR;
				CLANG_WARN_QUOTED_INCLUDE_IN_FRAMEWORK_HEADER = YES;
				CLANG_WARN_RANGE_LOOP_ANALYSIS = YES;
				CLANG_WARN_STRICT_PROTOTYPES = YES;
				CLANG_WARN_SUSPICIOUS_MOVE = YES;
				CLANG_WARN_UNGUARDED_AVAILABILITY = YES_AGGRESSIVE;
				CLANG_WARN_UNREACHABLE_CODE = YES;
				CLANG_WARN__DUPLICATE_METHOD_MATCH = YES;
				COPY_PHASE_STRIP = NO;
				DEBUG_INFORMATION_FORMAT = "dwarf-with-dsym";
				ENABLE_NS_ASSERTIONS = NO;
				ENABLE_STRICT_OBJC_MSGSEND = YES;
				ENABLE_USER_SCRIPT_SANDBOXING = YES;
				GCC_C_LANGUAGE_STANDARD = gnu17;
				GCC_NO_COMMON_BLOCKS = YES;
				GCC_WARN_64_TO_32_BIT_CONVERSION = YES;
				GCC_WARN_ABOUT_RETURN_TYPE = YES_ERROR;
				GCC_WARN_UNDECLARED_SELECTOR = YES;
				GCC_WARN_UNINITIALIZED_AUTOS = YES_AGGRESSIVE;
				GCC_WARN_UNUSED_FUNCTION = YES;
				GCC_WARN_UNUSED_VARIABLE = YES;
				IPHONEOS_DEPLOYMENT_TARGET = 17.5;
				LOCALIZATION_PREFERS_STRING_CATALOGS = YES;
				MTL_ENABLE_DEBUG_INFO = NO;
				MTL_FAST_MATH = YES;
				SDKROOT = iphoneos;
				SWIFT_COMPILATION_MODE = wholemodule;
				VALIDATE_PRODUCT = YES;
			};
			name = Release;
		};
		EC0B06CF2C95D9030062A4FA /* Debug */ = {
			isa = XCBuildConfiguration;
			buildSettings = {
				ASSETCATALOG_COMPILER_APPICON_NAME = AppIcon;
				ASSETCATALOG_COMPILER_GLOBAL_ACCENT_COLOR_NAME = AccentColor;
				CODE_SIGN_STYLE = Automatic;
				CURRENT_PROJECT_VERSION = 1;
				DEVELOPMENT_ASSET_PATHS = "\"PokemonZeno/Preview Content\"";
				DEVELOPMENT_TEAM = 47SNXDDJBA;
				ENABLE_PREVIEWS = YES;
				GENERATE_INFOPLIST_FILE = YES;
				INFOPLIST_KEY_UIApplicationSceneManifest_Generation = YES;
				INFOPLIST_KEY_UIApplicationSupportsIndirectInputEvents = YES;
				INFOPLIST_KEY_UILaunchScreen_Generation = YES;
				INFOPLIST_KEY_UISupportedInterfaceOrientations_iPad = "UIInterfaceOrientationPortrait UIInterfaceOrientationPortraitUpsideDown UIInterfaceOrientationLandscapeLeft UIInterfaceOrientationLandscapeRight";
				INFOPLIST_KEY_UISupportedInterfaceOrientations_iPhone = "UIInterfaceOrientationPortrait UIInterfaceOrientationLandscapeLeft UIInterfaceOrientationLandscapeRight";
				LD_RUNPATH_SEARCH_PATHS = (
					"$(inherited)",
					"@executable_path/Frameworks",
				);
				MARKETING_VERSION = 1.0;
				PRODUCT_BUNDLE_IDENTIFIER = br.pokemonzeno.com.PokemonZeno;
				PRODUCT_NAME = "$(TARGET_NAME)";
				SWIFT_EMIT_LOC_STRINGS = YES;
				SWIFT_VERSION = 5.0;
				TARGETED_DEVICE_FAMILY = "1,2";
			};
			name = Debug;
		};
		EC0B06D02C95D9030062A4FA /* Release */ = {
			isa = XCBuildConfiguration;
			buildSettings = {
				ASSETCATALOG_COMPILER_APPICON_NAME = AppIcon;
				ASSETCATALOG_COMPILER_GLOBAL_ACCENT_COLOR_NAME = AccentColor;
				CODE_SIGN_STYLE = Automatic;
				CURRENT_PROJECT_VERSION = 1;
				DEVELOPMENT_ASSET_PATHS = "\"PokemonZeno/Preview Content\"";
				DEVELOPMENT_TEAM = 47SNXDDJBA;
				ENABLE_PREVIEWS = YES;
				GENERATE_INFOPLIST_FILE = YES;
				INFOPLIST_KEY_UIApplicationSceneManifest_Generation = YES;
				INFOPLIST_KEY_UIApplicationSupportsIndirectInputEvents = YES;
				INFOPLIST_KEY_UILaunchScreen_Generation = YES;
				INFOPLIST_KEY_UISupportedInterfaceOrientations_iPad = "UIInterfaceOrientationPortrait UIInterfaceOrientationPortraitUpsideDown UIInterfaceOrientationLandscapeLeft UIInterfaceOrientationLandscapeRight";
				INFOPLIST_KEY_UISupportedInterfaceOrientations_iPhone = "UIInterfaceOrientationPortrait UIInterfaceOrientationLandscapeLeft UIInterfaceOrientationLandscapeRight";
				LD_RUNPATH_SEARCH_PATHS = (
					"$(inherited)",
					"@executable_path/Frameworks",
				);
				MARKETING_VERSION = 1.0;
				PRODUCT_BUNDLE_IDENTIFIER = br.pokemonzeno.com.PokemonZeno;
				PRODUCT_NAME = "$(TARGET_NAME)";
				SWIFT_EMIT_LOC_STRINGS = YES;
				SWIFT_VERSION = 5.0;
				TARGETED_DEVICE_FAMILY = "1,2";
			};
			name = Release;
		};
		EC0B06D22C95D9030062A4FA /* Debug */ = {
			isa = XCBuildConfiguration;
			buildSettings = {
				ALWAYS_EMBED_SWIFT_STANDARD_LIBRARIES = YES;
				BUNDLE_LOADER = "$(TEST_HOST)";
				CODE_SIGN_STYLE = Automatic;
				CURRENT_PROJECT_VERSION = 1;
				DEVELOPMENT_TEAM = 47SNXDDJBA;
				GENERATE_INFOPLIST_FILE = YES;
				IPHONEOS_DEPLOYMENT_TARGET = 17.5;
				MARKETING_VERSION = 1.0;
				PRODUCT_BUNDLE_IDENTIFIER = br.pokemonzeno.com.PokemonZenoTests;
				PRODUCT_NAME = "$(TARGET_NAME)";
				SWIFT_EMIT_LOC_STRINGS = NO;
				SWIFT_VERSION = 5.0;
				TARGETED_DEVICE_FAMILY = "1,2";
				TEST_HOST = "$(BUILT_PRODUCTS_DIR)/PokemonZeno.app/$(BUNDLE_EXECUTABLE_FOLDER_PATH)/PokemonZeno";
			};
			name = Debug;
		};
		EC0B06D32C95D9030062A4FA /* Release */ = {
			isa = XCBuildConfiguration;
			buildSettings = {
				ALWAYS_EMBED_SWIFT_STANDARD_LIBRARIES = YES;
				BUNDLE_LOADER = "$(TEST_HOST)";
				CODE_SIGN_STYLE = Automatic;
				CURRENT_PROJECT_VERSION = 1;
				DEVELOPMENT_TEAM = 47SNXDDJBA;
				GENERATE_INFOPLIST_FILE = YES;
				IPHONEOS_DEPLOYMENT_TARGET = 17.5;
				MARKETING_VERSION = 1.0;
				PRODUCT_BUNDLE_IDENTIFIER = br.pokemonzeno.com.PokemonZenoTests;
				PRODUCT_NAME = "$(TARGET_NAME)";
				SWIFT_EMIT_LOC_STRINGS = NO;
				SWIFT_VERSION = 5.0;
				TARGETED_DEVICE_FAMILY = "1,2";
				TEST_HOST = "$(BUILT_PRODUCTS_DIR)/PokemonZeno.app/$(BUNDLE_EXECUTABLE_FOLDER_PATH)/PokemonZeno";
			};
			name = Release;
		};
		EC0B06D52C95D9030062A4FA /* Debug */ = {
			isa = XCBuildConfiguration;
			buildSettings = {
				ALWAYS_EMBED_SWIFT_STANDARD_LIBRARIES = YES;
				CODE_SIGN_STYLE = Automatic;
				CURRENT_PROJECT_VERSION = 1;
				DEVELOPMENT_TEAM = 47SNXDDJBA;
				GENERATE_INFOPLIST_FILE = YES;
				MARKETING_VERSION = 1.0;
				PRODUCT_BUNDLE_IDENTIFIER = br.pokemonzeno.com.PokemonZenoUITests;
				PRODUCT_NAME = "$(TARGET_NAME)";
				SWIFT_EMIT_LOC_STRINGS = NO;
				SWIFT_VERSION = 5.0;
				TARGETED_DEVICE_FAMILY = "1,2";
				TEST_TARGET_NAME = PokemonZeno;
			};
			name = Debug;
		};
		EC0B06D62C95D9030062A4FA /* Release */ = {
			isa = XCBuildConfiguration;
			buildSettings = {
				ALWAYS_EMBED_SWIFT_STANDARD_LIBRARIES = YES;
				CODE_SIGN_STYLE = Automatic;
				CURRENT_PROJECT_VERSION = 1;
				DEVELOPMENT_TEAM = 47SNXDDJBA;
				GENERATE_INFOPLIST_FILE = YES;
				MARKETING_VERSION = 1.0;
				PRODUCT_BUNDLE_IDENTIFIER = br.pokemonzeno.com.PokemonZenoUITests;
				PRODUCT_NAME = "$(TARGET_NAME)";
				SWIFT_EMIT_LOC_STRINGS = NO;
				SWIFT_VERSION = 5.0;
				TARGETED_DEVICE_FAMILY = "1,2";
				TEST_TARGET_NAME = PokemonZeno;
			};
			name = Release;
		};
/* End XCBuildConfiguration section */

/* Begin XCConfigurationList section */
		EC0B06A52C95D9020062A4FA /* Build configuration list for PBXProject "PokemonZeno" */ = {
			isa = XCConfigurationList;
			buildConfigurations = (
				EC0B06CC2C95D9030062A4FA /* Debug */,
				EC0B06CD2C95D9030062A4FA /* Release */,
			);
			defaultConfigurationIsVisible = 0;
			defaultConfigurationName = Release;
		};
		EC0B06CE2C95D9030062A4FA /* Build configuration list for PBXNativeTarget "PokemonZeno" */ = {
			isa = XCConfigurationList;
			buildConfigurations = (
				EC0B06CF2C95D9030062A4FA /* Debug */,
				EC0B06D02C95D9030062A4FA /* Release */,
			);
			defaultConfigurationIsVisible = 0;
			defaultConfigurationName = Release;
		};
		EC0B06D12C95D9030062A4FA /* Build configuration list for PBXNativeTarget "PokemonZenoTests" */ = {
			isa = XCConfigurationList;
			buildConfigurations = (
				EC0B06D22C95D9030062A4FA /* Debug */,
				EC0B06D32C95D9030062A4FA /* Release */,
			);
			defaultConfigurationIsVisible = 0;
			defaultConfigurationName = Release;
		};
		EC0B06D42C95D9030062A4FA /* Build configuration list for PBXNativeTarget "PokemonZenoUITests" */ = {
			isa = XCConfigurationList;
			buildConfigurations = (
				EC0B06D52C95D9030062A4FA /* Debug */,
				EC0B06D62C95D9030062A4FA /* Release */,
			);
			defaultConfigurationIsVisible = 0;
			defaultConfigurationName = Release;
		};
/* End XCConfigurationList section */
	};
	rootObject = EC0B06A22C95D9020062A4FA /* Project object */;
}
